
Microsoft Visual Studio Solution File, Format Version 12.00
# Visual Studio Version 16
VisualStudioVersion = 16.0.30621.155
MinimumVisualStudioVersion = 10.0.40219.1
Project("{8BC9CEB8-8B4A-11D0-8D11-00A0C91BC942}") = "SplitterDialog", "SplitterDialog\SplitterDialog.vcxproj", "{2F3B668E-A568-4303-AB13-3AEB148AA8C0}"
EndProject
Project("{8BC9CEB8-8B4A-11D0-8D11-00A0C91BC942}") = "BoxSizer", "BoxSizer\BoxSizer.vcxproj", "{5891B9CC-8A3C-4BA3-88FD-910F8E2895E3}"
EndProject
Project("{8BC9CEB8-8B4A-11D0-8D11-00A0C91BC942}") = "BoxSizerWithSplitterWindow", "BoxSizerWithSplitterWindow\BoxSizerWithSplitterWindow.vcxproj", "{0C3CD693-7BF0-4A82-9820-E3BEBFD9D98C}"
EndProject
Global
	GlobalSection(SolutionConfigurationPlatforms) = preSolution
		Debug|x64 = Debug|x64
		Debug|x86 = Debug|x86
		DLL Debug|x64 = DLL Debug|x64
		DLL Debug|x86 = DLL Debug|x86
		DLL Release|x64 = DLL Release|x64
		DLL Release|x86 = DLL Release|x86
		Release|x64 = Release|x64
		Release|x86 = Release|x86
	EndGlobalSection
	GlobalSection(ProjectConfigurationPlatforms) = postSolution
		{2F3B668E-A568-4303-AB13-3AEB148AA8C0}.Debug|x64.ActiveCfg = Debug|x64
		{2F3B668E-A568-4303-AB13-3AEB148AA8C0}.Debug|x64.Build.0 = Debug|x64
		{2F3B668E-A568-4303-AB13-3AEB148AA8C0}.Debug|x86.ActiveCfg = Debug|Win32
		{2F3B668E-A568-4303-AB13-3AEB148AA8C0}.Debug|x86.Build.0 = Debug|Win32
		{2F3B668E-A568-4303-AB13-3AEB148AA8C0}.DLL Debug|x64.ActiveCfg = Debug|x64
		{2F3B668E-A568-4303-AB13-3AEB148AA8C0}.DLL Debug|x64.Build.0 = Debug|x64
		{2F3B668E-A568-4303-AB13-3AEB148AA8C0}.DLL Debug|x86.ActiveCfg = Debug|Win32
		{2F3B668E-A568-4303-AB13-3AEB148AA8C0}.DLL Debug|x86.Build.0 = Debug|Win32
		{2F3B668E-A568-4303-AB13-3AEB148AA8C0}.DLL Release|x64.ActiveCfg = Release|x64
		{2F3B668E-A568-4303-AB13-3AEB148AA8C0}.DLL Release|x64.Build.0 = Release|x64
		{2F3B668E-A568-4303-AB13-3AEB148AA8C0}.DLL Release|x86.ActiveCfg = Release|Win32
		{2F3B668E-A568-4303-AB13-3AEB148AA8C0}.DLL Release|x86.Build.0 = Release|Win32
		{2F3B668E-A568-4303-AB13-3AEB148AA8C0}.Release|x64.ActiveCfg = Release|x64
		{2F3B668E-A568-4303-AB13-3AEB148AA8C0}.Release|x64.Build.0 = Release|x64
		{2F3B668E-A568-4303-AB13-3AEB148AA8C0}.Release|x86.ActiveCfg = Release|Win32
		{2F3B668E-A568-4303-AB13-3AEB148AA8C0}.Release|x86.Build.0 = Release|Win32
		{5891B9CC-8A3C-4BA3-88FD-910F8E2895E3}.Debug|x64.ActiveCfg = Debug|x64
		{5891B9CC-8A3C-4BA3-88FD-910F8E2895E3}.Debug|x64.Build.0 = Debug|x64
		{5891B9CC-8A3C-4BA3-88FD-910F8E2895E3}.Debug|x86.ActiveCfg = Debug|Win32
		{5891B9CC-8A3C-4BA3-88FD-910F8E2895E3}.Debug|x86.Build.0 = Debug|Win32
		{5891B9CC-8A3C-4BA3-88FD-910F8E2895E3}.DLL Debug|x64.ActiveCfg = Debug|x64
		{5891B9CC-8A3C-4BA3-88FD-910F8E2895E3}.DLL Debug|x64.Build.0 = Debug|x64
		{5891B9CC-8A3C-4BA3-88FD-910F8E2895E3}.DLL Debug|x86.ActiveCfg = Debug|Win32
		{5891B9CC-8A3C-4BA3-88FD-910F8E2895E3}.DLL Debug|x86.Build.0 = Debug|Win32
		{5891B9CC-8A3C-4BA3-88FD-910F8E2895E3}.DLL Release|x64.ActiveCfg = Release|x64
		{5891B9CC-8A3C-4BA3-88FD-910F8E2895E3}.DLL Release|x64.Build.0 = Release|x64
		{5891B9CC-8A3C-4BA3-88FD-910F8E2895E3}.DLL Release|x86.ActiveCfg = Release|Win32
		{5891B9CC-8A3C-4BA3-88FD-910F8E2895E3}.DLL Release|x86.Build.0 = Release|Win32
		{5891B9CC-8A3C-4BA3-88FD-910F8E2895E3}.Release|x64.ActiveCfg = Release|x64
		{5891B9CC-8A3C-4BA3-88FD-910F8E2895E3}.Release|x64.Build.0 = Release|x64
		{5891B9CC-8A3C-4BA3-88FD-910F8E2895E3}.Release|x86.ActiveCfg = Release|Win32
		{5891B9CC-8A3C-4BA3-88FD-910F8E2895E3}.Release|x86.Build.0 = Release|Win32
		{0C3CD693-7BF0-4A82-9820-E3BEBFD9D98C}.Debug|x64.ActiveCfg = Debug|x64
		{0C3CD693-7BF0-4A82-9820-E3BEBFD9D98C}.Debug|x64.Build.0 = Debug|x64
		{0C3CD693-7BF0-4A82-9820-E3BEBFD9D98C}.Debug|x86.ActiveCfg = Debug|Win32
		{0C3CD693-7BF0-4A82-9820-E3BEBFD9D98C}.Debug|x86.Build.0 = Debug|Win32
		{0C3CD693-7BF0-4A82-9820-E3BEBFD9D98C}.DLL Debug|x64.ActiveCfg = Debug|x64
		{0C3CD693-7BF0-4A82-9820-E3BEBFD9D98C}.DLL Debug|x64.Build.0 = Debug|x64
		{0C3CD693-7BF0-4A82-9820-E3BEBFD9D98C}.DLL Debug|x86.ActiveCfg = Debug|Win32
		{0C3CD693-7BF0-4A82-9820-E3BEBFD9D98C}.DLL Debug|x86.Build.0 = Debug|Win32
		{0C3CD693-7BF0-4A82-9820-E3BEBFD9D98C}.DLL Release|x64.ActiveCfg = Release|x64
		{0C3CD693-7BF0-4A82-9820-E3BEBFD9D98C}.DLL Release|x64.Build.0 = Release|x64
		{0C3CD693-7BF0-4A82-9820-E3BEBFD9D98C}.DLL Release|x86.ActiveCfg = Release|Win32
		{0C3CD693-7BF0-4A82-9820-E3BEBFD9D98C}.DLL Release|x86.Build.0 = Release|Win32
		{0C3CD693-7BF0-4A82-9820-E3BEBFD9D98C}.Release|x64.ActiveCfg = Release|x64
		{0C3CD693-7BF0-4A82-9820-E3BEBFD9D98C}.Release|x64.Build.0 = Release|x64
		{0C3CD693-7BF0-4A82-9820-E3BEBFD9D98C}.Release|x86.ActiveCfg = Release|Win32
		{0C3CD693-7BF0-4A82-9820-E3BEBFD9D98C}.Release|x86.Build.0 = Release|Win32
	EndGlobalSection
	GlobalSection(SolutionProperties) = preSolution
		HideSolutionNode = FALSE
	EndGlobalSection
	GlobalSection(ExtensibilityGlobals) = postSolution
		SolutionGuid = {A7EA0DB0-4E72-42DB-9697-F767364B48AB}
	EndGlobalSection
EndGlobal
