<?xml version="1.0" encoding="utf-8"?>
<Project ToolsVersion="4.0" xmlns="http://schemas.microsoft.com/developer/msbuild/2003">
  <ItemGroup>
    <Filter Include="Исходные файлы">
      <UniqueIdentifier>{4FC737F1-C7A5-4376-A066-2A32D752A2FF}</UniqueIdentifier>
      <Extensions>cpp;c;cc;cxx;c++;cppm;ixx;def;odl;idl;hpj;bat;asm;asmx</Extensions>
    </Filter>
    <Filter Include="Файлы заголовков">
      <UniqueIdentifier>{93995380-89BD-4b04-88EB-625FBE52EBFB}</UniqueIdentifier>
      <Extensions>h;hh;hpp;hxx;h++;hm;inl;inc;ipp;xsd</Extensions>
    </Filter>
    <Filter Include="Файлы ресурсов">
      <UniqueIdentifier>{67DA6AB6-F800-4c08-8B7A-83BB121AAD01}</UniqueIdentifier>
      <Extensions>rc;ico;cur;bmp;dlg;rc2;rct;bin;rgs;gif;jpg;jpeg;jpe;resx;tiff;tif;png;wav;mfcribbon-ms</Extensions>
    </Filter>
    <Filter Include="Исходные файлы\menu">
      <UniqueIdentifier>{d36660d8-c174-493f-981d-b2ec9170b8f6}</UniqueIdentifier>
    </Filter>
    <Filter Include="Файлы заголовков\resource">
      <UniqueIdentifier>{4e339cf7-1351-4f1c-973a-683bc75197f9}</UniqueIdentifier>
    </Filter>
    <Filter Include="Исходные файлы\toolbar">
      <UniqueIdentifier>{833a8020-9160-409d-9302-4a859615192f}</UniqueIdentifier>
    </Filter>
    <Filter Include="Файлы заголовков\menu">
      <UniqueIdentifier>{159e5964-5ded-4ca6-843b-c7cb1aad9b6a}</UniqueIdentifier>
    </Filter>
    <Filter Include="Файлы заголовков\toolbar">
      <UniqueIdentifier>{deb9a2b1-d8af-4019-ae07-b03346e92227}</UniqueIdentifier>
    </Filter>
    <Filter Include="Файлы заголовков\artprovider">
      <UniqueIdentifier>{a1fd3ef7-da59-41fc-834d-8b9d74cb22ca}</UniqueIdentifier>
    </Filter>
    <Filter Include="Исходные файлы\artprovider">
      <UniqueIdentifier>{d177139f-4a83-4098-b05b-4ada0992c77f}</UniqueIdentifier>
    </Filter>
    <Filter Include="Файлы заголовков\window">
      <UniqueIdentifier>{25c45c9b-a355-47b8-9c1b-43795ee02060}</UniqueIdentifier>
    </Filter>
    <Filter Include="Исходные файлы\window">
      <UniqueIdentifier>{af6d309e-2a51-4923-bcbe-638dc8a3730a}</UniqueIdentifier>
    </Filter>
    <Filter Include="Файлы заголовков\custom">
      <UniqueIdentifier>{7d8ff634-d44b-4739-a504-9073b9f14b02}</UniqueIdentifier>
    </Filter>
    <Filter Include="Исходные файлы\custom">
      <UniqueIdentifier>{68e0e009-685a-4ab6-add3-eab7c90e19c8}</UniqueIdentifier>
    </Filter>
    <Filter Include="Файлы заголовков\docview">
      <UniqueIdentifier>{3ef2ae1a-1305-4336-b02a-9380babf29f2}</UniqueIdentifier>
    </Filter>
    <Filter Include="Исходные файлы\docview">
      <UniqueIdentifier>{5a63e623-028e-4c5d-9e63-cb54eee3d527}</UniqueIdentifier>
    </Filter>
  </ItemGroup>
  <ItemGroup>
    <None Include="cpp.hint" />
  </ItemGroup>
  <ItemGroup>
    <ClCompile Include="src\source\Application.cpp">
      <Filter>Исходные файлы</Filter>
    </ClCompile>
    <ClCompile Include="src\source\MainFrame.cpp">
      <Filter>Исходные файлы</Filter>
    </ClCompile>
    <ClCompile Include="src\source\menu\file_menu.cpp">
      <Filter>Исходные файлы\menu</Filter>
    </ClCompile>
    <ClCompile Include="src\source\menu\view_menu.cpp">
      <Filter>Исходные файлы\menu</Filter>
    </ClCompile>
    <ClCompile Include="src\source\menu\edit_menu.cpp">
      <Filter>Исходные файлы\menu</Filter>
    </ClCompile>
    <ClCompile Include="src\source\menu\configuration_menu.cpp">
      <Filter>Исходные файлы\menu</Filter>
    </ClCompile>
    <ClCompile Include="src\source\menu\effects_menu.cpp">
      <Filter>Исходные файлы\menu</Filter>
    </ClCompile>
    <ClCompile Include="src\source\menu\help_menu.cpp">
      <Filter>Исходные файлы\menu</Filter>
    </ClCompile>
    <ClCompile Include="src\source\menu\window_menu.cpp">
      <Filter>Исходные файлы\menu</Filter>
    </ClCompile>
    <ClCompile Include="src\source\artprovider\CFArtProvider.cpp">
      <Filter>Исходные файлы\artprovider</Filter>
    </ClCompile>
    <ClCompile Include="src\source\toolbar\ToolbarSize.cpp">
      <Filter>Исходные файлы\toolbar</Filter>
    </ClCompile>
    <ClCompile Include="src\source\toolbar\MainToolbar.cpp">
      <Filter>Исходные файлы\toolbar</Filter>
    </ClCompile>
    <ClCompile Include="src\source\window\Dashboard.cpp">
      <Filter>Исходные файлы\window</Filter>
    </ClCompile>
    <ClCompile Include="src\source\custom\CFAuiDockArt.cpp">
      <Filter>Исходные файлы\custom</Filter>
    </ClCompile>
  </ItemGroup>
  <ItemGroup>
    <ClInclude Include="src\header\Application.hpp">
      <Filter>Файлы заголовков</Filter>
    </ClInclude>
    <ClInclude Include="src\header\MainFrame.hpp">
      <Filter>Файлы заголовков</Filter>
    </ClInclude>
    <ClInclude Include="src\header\wxmemdbg.h">
      <Filter>Файлы заголовков</Filter>
    </ClInclude>
    <ClInclude Include="src\header\Ids.h">
      <Filter>Файлы заголовков</Filter>
    </ClInclude>
    <ClInclude Include="src\header\resource\Settings.h">
      <Filter>Файлы заголовков\resource</Filter>
    </ClInclude>
    <ClInclude Include="src\header\resource\CFArtId.h">
      <Filter>Файлы заголовков\resource</Filter>
    </ClInclude>
    <ClInclude Include="src\header\menu\MainMenu.h">
      <Filter>Файлы заголовков\menu</Filter>
    </ClInclude>
    <ClInclude Include="src\header\resource\MenuStrings.h">
      <Filter>Файлы заголовков\resource</Filter>
    </ClInclude>
    <ClInclude Include="src\header\resource\ToolbarStrings.h">
      <Filter>Файлы заголовков\resource</Filter>
    </ClInclude>
    <ClInclude Include="src\header\artprovider\CFArtProvider.hpp">
      <Filter>Файлы заголовков\artprovider</Filter>
    </ClInclude>
    <ClInclude Include="src\header\toolbar\ToolbarSize.h">
      <Filter>Файлы заголовков\toolbar</Filter>
    </ClInclude>
    <ClInclude Include="src\header\toolbar\MainToolbar.h">
      <Filter>Файлы заголовков\toolbar</Filter>
    </ClInclude>
    <ClInclude Include="src\header\window\Dashboard.hpp">
      <Filter>Файлы заголовков\window</Filter>
    </ClInclude>
    <ClInclude Include="src\header\custom\CFAuiDockArt.hpp">
      <Filter>Файлы заголовков\custom</Filter>
    </ClInclude>
  </ItemGroup>
</Project>