
Microsoft Visual Studio Solution File, Format Version 12.00
# Visual Studio Version 16
VisualStudioVersion = 16.0.30907.101
MinimumVisualStudioVersion = 10.0.40219.1
Project("{8BC9CEB8-8B4A-11D0-8D11-00A0C91BC942}") = "docview", "docview_vc9.vcxproj", "{C7CB6A06-F2AE-5909-894B-558223A98719}"
EndProject
Global
	GlobalSection(SolutionConfigurationPlatforms) = preSolution
		Debug|x64 = Debug|x64
		Debug|x86 = Debug|x86
		DLL Debug|x64 = DLL Debug|x64
		DLL Debug|x86 = DLL Debug|x86
		DLL Release|x64 = DLL Release|x64
		DLL Release|x86 = DLL Release|x86
		Release|x64 = Release|x64
		Release|x86 = Release|x86
	EndGlobalSection
	GlobalSection(ProjectConfigurationPlatforms) = postSolution
		{C7CB6A06-F2AE-5909-894B-558223A98719}.Debug|x64.ActiveCfg = Debug|x64
		{C7CB6A06-F2AE-5909-894B-558223A98719}.Debug|x64.Build.0 = Debug|x64
		{C7CB6A06-F2AE-5909-894B-558223A98719}.Debug|x86.ActiveCfg = Debug|Win32
		{C7CB6A06-F2AE-5909-894B-558223A98719}.Debug|x86.Build.0 = Debug|Win32
		{C7CB6A06-F2AE-5909-894B-558223A98719}.DLL Debug|x64.ActiveCfg = DLL Debug|x64
		{C7CB6A06-F2AE-5909-894B-558223A98719}.DLL Debug|x64.Build.0 = DLL Debug|x64
		{C7CB6A06-F2AE-5909-894B-558223A98719}.DLL Debug|x86.ActiveCfg = DLL Debug|Win32
		{C7CB6A06-F2AE-5909-894B-558223A98719}.DLL Debug|x86.Build.0 = DLL Debug|Win32
		{C7CB6A06-F2AE-5909-894B-558223A98719}.DLL Release|x64.ActiveCfg = DLL Release|x64
		{C7CB6A06-F2AE-5909-894B-558223A98719}.DLL Release|x64.Build.0 = DLL Release|x64
		{C7CB6A06-F2AE-5909-894B-558223A98719}.DLL Release|x86.ActiveCfg = DLL Release|Win32
		{C7CB6A06-F2AE-5909-894B-558223A98719}.DLL Release|x86.Build.0 = DLL Release|Win32
		{C7CB6A06-F2AE-5909-894B-558223A98719}.Release|x64.ActiveCfg = Release|x64
		{C7CB6A06-F2AE-5909-894B-558223A98719}.Release|x64.Build.0 = Release|x64
		{C7CB6A06-F2AE-5909-894B-558223A98719}.Release|x86.ActiveCfg = Release|Win32
		{C7CB6A06-F2AE-5909-894B-558223A98719}.Release|x86.Build.0 = Release|Win32
	EndGlobalSection
	GlobalSection(SolutionProperties) = preSolution
		HideSolutionNode = FALSE
	EndGlobalSection
	GlobalSection(ExtensibilityGlobals) = postSolution
		SolutionGuid = {2D14E667-18D4-4751-99B1-11C551020278}
	EndGlobalSection
EndGlobal
